# This file is automatically @generated by Cargo.
# It is not intended for manual editing.
version = 4

[[package]]
name = "black_core"
version = "0.1.0"

[[package]]
name = "black_crypto"
version = "1.0.0"

[[package]]
name = "black_mem"
version = "0.1.0"

[[package]]
name = "black_net"
version = "0.1.0"

[[package]]
name = "black_parser"
version = "0.1.0"
